// !$*UTF8*$!
{
	archiveVersion = 1;
	classes = {
	};
	objectVersion = 52;
	objects = {

/* Begin PBXBuildFile section */
		861BA6F325B3BF3300638189 /* TaskCellViewModel.swift in Sources */ = {isa = PBXBuildFile; fileRef = 861BA6F225B3BF3300638189 /* TaskCellViewModel.swift */; };
		861BA6F725B3BF6C00638189 /* TaskListViewModel.swift in Sources */ = {isa = PBXBuildFile; fileRef = 861BA6F625B3BF6C00638189 /* TaskListViewModel.swift */; };
		861BA6FB25B3C06A00638189 /* Book.swift in Sources */ = {isa = PBXBuildFile; fileRef = 861BA6FA25B3C06A00638189 /* Book.swift */; };
		862D8EFA25B052C400062677 /* FirebaseCompleteApp.swift in Sources */ = {isa = PBXBuildFile; fileRef = 862D8EF925B052C400062677 /* FirebaseCompleteApp.swift */; };
		862D8EFC25B052C400062677 /* AppNavigationView.swift in Sources */ = {isa = PBXBuildFile; fileRef = 862D8EFB25B052C400062677 /* AppNavigationView.swift */; };
		862D8EFE25B052C600062677 /* Assets.xcassets in Resources */ = {isa = PBXBuildFile; fileRef = 862D8EFD25B052C600062677 /* Assets.xcassets */; };
		862D8F0125B052C600062677 /* Preview Assets.xcassets in Resources */ = {isa = PBXBuildFile; fileRef = 862D8F0025B052C600062677 /* Preview Assets.xcassets */; };
		862D8F0A25B052ED00062677 /* GoogleService-Info.plist in Resources */ = {isa = PBXBuildFile; fileRef = 862D8F0925B052ED00062677 /* GoogleService-Info.plist */; };
		862D8F0E25B0539400062677 /* FirebaseAnalytics in Frameworks */ = {isa = PBXBuildFile; productRef = 862D8F0D25B0539400062677 /* FirebaseAnalytics */; };
		862D8F1025B0539400062677 /* FirebaseFirestoreSwift-Beta in Frameworks */ = {isa = PBXBuildFile; productRef = 862D8F0F25B0539400062677 /* FirebaseFirestoreSwift-Beta */; };
		862D8F1225B0539400062677 /* FirebaseStorage in Frameworks */ = {isa = PBXBuildFile; productRef = 862D8F1125B0539400062677 /* FirebaseStorage */; };
		862D8F1425B0539400062677 /* FirebaseAuth in Frameworks */ = {isa = PBXBuildFile; productRef = 862D8F1325B0539400062677 /* FirebaseAuth */; };
		862D8F1625B0539400062677 /* FirebaseFirestore in Frameworks */ = {isa = PBXBuildFile; productRef = 862D8F1525B0539400062677 /* FirebaseFirestore */; };
		862D8F1825B0539400062677 /* GoogleUtilities_UserDefaults in Frameworks */ = {isa = PBXBuildFile; productRef = 862D8F1725B0539400062677 /* GoogleUtilities_UserDefaults */; };
		862D8F1C25B054FE00062677 /* UserInfo.swift in Sources */ = {isa = PBXBuildFile; fileRef = 862D8F1B25B054FE00062677 /* UserInfo.swift */; };
		862D8F1F25B0574700062677 /* LoginView.swift in Sources */ = {isa = PBXBuildFile; fileRef = 862D8F1E25B0574700062677 /* LoginView.swift */; };
		862D8F2225B057BA00062677 /* HomeView.swift in Sources */ = {isa = PBXBuildFile; fileRef = 862D8F2125B057BA00062677 /* HomeView.swift */; };
		862D8F2525B059CF00062677 /* UserViewModel.swift in Sources */ = {isa = PBXBuildFile; fileRef = 862D8F2425B059CF00062677 /* UserViewModel.swift */; };
		862D8F3625B05BFA00062677 /* ForgotPasswordView.swift in Sources */ = {isa = PBXBuildFile; fileRef = 862D8F3525B05BFA00062677 /* ForgotPasswordView.swift */; };
		862D8F3A25B05C0C00062677 /* SignInWithEmailView.swift in Sources */ = {isa = PBXBuildFile; fileRef = 862D8F3925B05C0C00062677 /* SignInWithEmailView.swift */; };
		862D8F3D25B05C2000062677 /* SignUpView.swift in Sources */ = {isa = PBXBuildFile; fileRef = 862D8F3C25B05C2000062677 /* SignUpView.swift */; };
		862D8F4225B05FBF00062677 /* SignInWithAppleView.swift in Sources */ = {isa = PBXBuildFile; fileRef = 862D8F4125B05FBF00062677 /* SignInWithAppleView.swift */; };
		8647756E25B4CDBB00BF80EE /* MYFBUserListView.swift in Sources */ = {isa = PBXBuildFile; fileRef = 8647756D25B4CDBB00BF80EE /* MYFBUserListView.swift */; };
		8647757625B4D2DE00BF80EE /* MYFBUsersViewModel.swift in Sources */ = {isa = PBXBuildFile; fileRef = 8647757525B4D2DE00BF80EE /* MYFBUsersViewModel.swift */; };
		8647757A25B4D30900BF80EE /* MYFBUser.swift in Sources */ = {isa = PBXBuildFile; fileRef = 8647757925B4D30900BF80EE /* MYFBUser.swift */; };
		8647758625B4D35400BF80EE /* MYFBUserAddView.swift in Sources */ = {isa = PBXBuildFile; fileRef = 8647758525B4D35400BF80EE /* MYFBUserAddView.swift */; };
		8647758A25B4D41D00BF80EE /* MYFBUserDetailsView.swift in Sources */ = {isa = PBXBuildFile; fileRef = 8647758925B4D41D00BF80EE /* MYFBUserDetailsView.swift */; };
		8647758F25B4D55C00BF80EE /* UserProduct.swift in Sources */ = {isa = PBXBuildFile; fileRef = 8647758E25B4D55C00BF80EE /* UserProduct.swift */; };
		8647759525B4D59C00BF80EE /* UserProductViewModel.swift in Sources */ = {isa = PBXBuildFile; fileRef = 8647759425B4D59C00BF80EE /* UserProductViewModel.swift */; };
		8647759B25B4D62100BF80EE /* UserProductListView.swift in Sources */ = {isa = PBXBuildFile; fileRef = 8647759A25B4D62100BF80EE /* UserProductListView.swift */; };
		864775A525B4D6E200BF80EE /* UserProductAddView.swift in Sources */ = {isa = PBXBuildFile; fileRef = 864775A425B4D6E200BF80EE /* UserProductAddView.swift */; };
		864775A825B4D72B00BF80EE /* UserProductDetailsView.swift in Sources */ = {isa = PBXBuildFile; fileRef = 864775A725B4D72B00BF80EE /* UserProductDetailsView.swift */; };
		864775AC25B4E90900BF80EE /* ProfileView.swift in Sources */ = {isa = PBXBuildFile; fileRef = 864775AB25B4E90800BF80EE /* ProfileView.swift */; };
		864775AF25B517F500BF80EE /* QuickCommand.swift in Sources */ = {isa = PBXBuildFile; fileRef = 864775AE25B517F400BF80EE /* QuickCommand.swift */; };
		864775B525B5183200BF80EE /* QuickCommandViewModels.swift in Sources */ = {isa = PBXBuildFile; fileRef = 864775B425B5183200BF80EE /* QuickCommandViewModels.swift */; };
		864775B925B5189E00BF80EE /* QuickCommandView.swift in Sources */ = {isa = PBXBuildFile; fileRef = 864775B825B5189E00BF80EE /* QuickCommandView.swift */; };
		864775BC25B521FE00BF80EE /* FirebaseLayoutView.swift in Sources */ = {isa = PBXBuildFile; fileRef = 864775BB25B521FD00BF80EE /* FirebaseLayoutView.swift */; };
		864775C325B5226200BF80EE /* FirebaseLayoutViewModel.swift in Sources */ = {isa = PBXBuildFile; fileRef = 864775C225B5226200BF80EE /* FirebaseLayoutViewModel.swift */; };
		864775C725B522D000BF80EE /* FirebaseLayout.swift in Sources */ = {isa = PBXBuildFile; fileRef = 864775C625B522D000BF80EE /* FirebaseLayout.swift */; };
		864775CB25B5248C00BF80EE /* FirebaseLayoutItem.swift in Sources */ = {isa = PBXBuildFile; fileRef = 864775CA25B5248C00BF80EE /* FirebaseLayoutItem.swift */; };
		864775CE25B524D700BF80EE /* FirebaseLayoutDetailsView.swift in Sources */ = {isa = PBXBuildFile; fileRef = 864775CD25B524D700BF80EE /* FirebaseLayoutDetailsView.swift */; };
		864775D125B524E200BF80EE /* FirebaseLayoutAddView.swift in Sources */ = {isa = PBXBuildFile; fileRef = 864775D025B524E200BF80EE /* FirebaseLayoutAddView.swift */; };
		864775D425B5270E00BF80EE /* FirebaseLayoutItemViewModel.swift in Sources */ = {isa = PBXBuildFile; fileRef = 864775D325B5270E00BF80EE /* FirebaseLayoutItemViewModel.swift */; };
		864775D725B5285200BF80EE /* FirebaseLayoutItemAddView.swift in Sources */ = {isa = PBXBuildFile; fileRef = 864775D625B5285200BF80EE /* FirebaseLayoutItemAddView.swift */; };
		864775DA25B52AA600BF80EE /* FirebaseLayoutItemDetailsView.swift in Sources */ = {isa = PBXBuildFile; fileRef = 864775D925B52AA600BF80EE /* FirebaseLayoutItemDetailsView.swift */; };
		864775DD25B52CA600BF80EE /* FirebaseLayoutProfileView.swift in Sources */ = {isa = PBXBuildFile; fileRef = 864775DC25B52CA600BF80EE /* FirebaseLayoutProfileView.swift */; };
		864775E025B52F8000BF80EE /* CollectionStart.swift in Sources */ = {isa = PBXBuildFile; fileRef = 864775DF25B52F8000BF80EE /* CollectionStart.swift */; };
		864775E425B5320400BF80EE /* Collection3.swift in Sources */ = {isa = PBXBuildFile; fileRef = 864775E325B5320400BF80EE /* Collection3.swift */; };
		865AFF0E25B09E1C003D8A13 /* SignInWithEmailViewD2.swift in Sources */ = {isa = PBXBuildFile; fileRef = 865AFF0D25B09E1C003D8A13 /* SignInWithEmailViewD2.swift */; };
		865AFF1525B09E4E003D8A13 /* SignUpViewD2.swift in Sources */ = {isa = PBXBuildFile; fileRef = 865AFF1425B09E4E003D8A13 /* SignUpViewD2.swift */; };
		865AFF1825B09E57003D8A13 /* ForgotPasswordViewD2.swift in Sources */ = {isa = PBXBuildFile; fileRef = 865AFF1725B09E57003D8A13 /* ForgotPasswordViewD2.swift */; };
		8680F34B25B3B89A006A8B70 /* SimpleNofirebasePulls.swift in Sources */ = {isa = PBXBuildFile; fileRef = 8680F34A25B3B89A006A8B70 /* SimpleNofirebasePulls.swift */; };
		8680F34E25B3B97B006A8B70 /* MainNavigation.swift in Sources */ = {isa = PBXBuildFile; fileRef = 8680F34D25B3B97B006A8B70 /* MainNavigation.swift */; };
		8680F35325B3BBAC006A8B70 /* Task.swift in Sources */ = {isa = PBXBuildFile; fileRef = 8680F35225B3BBAC006A8B70 /* Task.swift */; };
		86C99E0425B06B52001B181F /* FBFirestore.swift in Sources */ = {isa = PBXBuildFile; fileRef = 86C99E0325B06B52001B181F /* FBFirestore.swift */; };
		86C99E0725B06B79001B181F /* FireStoreError.swift in Sources */ = {isa = PBXBuildFile; fileRef = 86C99E0625B06B79001B181F /* FireStoreError.swift */; };
		86C99E0A25B06B93001B181F /* FBKeys.swift in Sources */ = {isa = PBXBuildFile; fileRef = 86C99E0925B06B93001B181F /* FBKeys.swift */; };
		86C99E0D25B06BB5001B181F /* FBUser.swift in Sources */ = {isa = PBXBuildFile; fileRef = 86C99E0C25B06BB5001B181F /* FBUser.swift */; };
		86C99E1025B06BFA001B181F /* FBAuth.swift in Sources */ = {isa = PBXBuildFile; fileRef = 86C99E0F25B06BFA001B181F /* FBAuth.swift */; };
		86C99E1325B06C39001B181F /* FBAuthError.swift in Sources */ = {isa = PBXBuildFile; fileRef = 86C99E1225B06C39001B181F /* FBAuthError.swift */; };
/* End PBXBuildFile section */

/* Begin PBXFileReference section */
		861BA6F225B3BF3300638189 /* TaskCellViewModel.swift */ = {isa = PBXFileReference; lastKnownFileType = sourcecode.swift; path = TaskCellViewModel.swift; sourceTree = "<group>"; };
		861BA6F625B3BF6C00638189 /* TaskListViewModel.swift */ = {isa = PBXFileReference; lastKnownFileType = sourcecode.swift; path = TaskListViewModel.swift; sourceTree = "<group>"; };
		861BA6FA25B3C06A00638189 /* Book.swift */ = {isa = PBXFileReference; lastKnownFileType = sourcecode.swift; path = Book.swift; sourceTree = "<group>"; };
		862D8EF625B052C400062677 /* FirebaseComplete.app */ = {isa = PBXFileReference; explicitFileType = wrapper.application; includeInIndex = 0; path = FirebaseComplete.app; sourceTree = BUILT_PRODUCTS_DIR; };
		862D8EF925B052C400062677 /* FirebaseCompleteApp.swift */ = {isa = PBXFileReference; lastKnownFileType = sourcecode.swift; path = FirebaseCompleteApp.swift; sourceTree = "<group>"; };
		862D8EFB25B052C400062677 /* AppNavigationView.swift */ = {isa = PBXFileReference; lastKnownFileType = sourcecode.swift; path = AppNavigationView.swift; sourceTree = "<group>"; };
		862D8EFD25B052C600062677 /* Assets.xcassets */ = {isa = PBXFileReference; lastKnownFileType = folder.assetcatalog; path = Assets.xcassets; sourceTree = "<group>"; };
		862D8F0025B052C600062677 /* Preview Assets.xcassets */ = {isa = PBXFileReference; lastKnownFileType = folder.assetcatalog; path = "Preview Assets.xcassets"; sourceTree = "<group>"; };
		862D8F0225B052C600062677 /* Info.plist */ = {isa = PBXFileReference; lastKnownFileType = text.plist.xml; path = Info.plist; sourceTree = "<group>"; };
		862D8F0925B052ED00062677 /* GoogleService-Info.plist */ = {isa = PBXFileReference; fileEncoding = 4; lastKnownFileType = text.plist.xml; path = "GoogleService-Info.plist"; sourceTree = "<group>"; };
		862D8F1B25B054FE00062677 /* UserInfo.swift */ = {isa = PBXFileReference; lastKnownFileType = sourcecode.swift; path = UserInfo.swift; sourceTree = "<group>"; };
		862D8F1E25B0574700062677 /* LoginView.swift */ = {isa = PBXFileReference; lastKnownFileType = sourcecode.swift; path = LoginView.swift; sourceTree = "<group>"; };
		862D8F2125B057BA00062677 /* HomeView.swift */ = {isa = PBXFileReference; lastKnownFileType = sourcecode.swift; path = HomeView.swift; sourceTree = "<group>"; };
		862D8F2425B059CF00062677 /* UserViewModel.swift */ = {isa = PBXFileReference; lastKnownFileType = sourcecode.swift; path = UserViewModel.swift; sourceTree = "<group>"; };
		862D8F3525B05BFA00062677 /* ForgotPasswordView.swift */ = {isa = PBXFileReference; lastKnownFileType = sourcecode.swift; path = ForgotPasswordView.swift; sourceTree = "<group>"; };
		862D8F3925B05C0C00062677 /* SignInWithEmailView.swift */ = {isa = PBXFileReference; lastKnownFileType = sourcecode.swift; path = SignInWithEmailView.swift; sourceTree = "<group>"; };
		862D8F3C25B05C2000062677 /* SignUpView.swift */ = {isa = PBXFileReference; lastKnownFileType = sourcecode.swift; path = SignUpView.swift; sourceTree = "<group>"; };
		862D8F4125B05FBF00062677 /* SignInWithAppleView.swift */ = {isa = PBXFileReference; lastKnownFileType = sourcecode.swift; path = SignInWithAppleView.swift; sourceTree = "<group>"; };
		8647756D25B4CDBB00BF80EE /* MYFBUserListView.swift */ = {isa = PBXFileReference; lastKnownFileType = sourcecode.swift; path = MYFBUserListView.swift; sourceTree = "<group>"; };
		8647757525B4D2DE00BF80EE /* MYFBUsersViewModel.swift */ = {isa = PBXFileReference; lastKnownFileType = sourcecode.swift; path = MYFBUsersViewModel.swift; sourceTree = "<group>"; };
		8647757925B4D30900BF80EE /* MYFBUser.swift */ = {isa = PBXFileReference; lastKnownFileType = sourcecode.swift; path = MYFBUser.swift; sourceTree = "<group>"; };
		8647758525B4D35400BF80EE /* MYFBUserAddView.swift */ = {isa = PBXFileReference; lastKnownFileType = sourcecode.swift; path = MYFBUserAddView.swift; sourceTree = "<group>"; };
		8647758925B4D41D00BF80EE /* MYFBUserDetailsView.swift */ = {isa = PBXFileReference; lastKnownFileType = sourcecode.swift; path = MYFBUserDetailsView.swift; sourceTree = "<group>"; };
		8647758E25B4D55C00BF80EE /* UserProduct.swift */ = {isa = PBXFileReference; lastKnownFileType = sourcecode.swift; path = UserProduct.swift; sourceTree = "<group>"; };
		8647759425B4D59C00BF80EE /* UserProductViewModel.swift */ = {isa = PBXFileReference; lastKnownFileType = sourcecode.swift; path = UserProductViewModel.swift; sourceTree = "<group>"; };
		8647759A25B4D62100BF80EE /* UserProductListView.swift */ = {isa = PBXFileReference; lastKnownFileType = sourcecode.swift; path = UserProductListView.swift; sourceTree = "<group>"; };
		864775A425B4D6E200BF80EE /* UserProductAddView.swift */ = {isa = PBXFileReference; lastKnownFileType = sourcecode.swift; path = UserProductAddView.swift; sourceTree = "<group>"; };
		864775A725B4D72B00BF80EE /* UserProductDetailsView.swift */ = {isa = PBXFileReference; lastKnownFileType = sourcecode.swift; path = UserProductDetailsView.swift; sourceTree = "<group>"; };
		864775AB25B4E90800BF80EE /* ProfileView.swift */ = {isa = PBXFileReference; lastKnownFileType = sourcecode.swift; path = ProfileView.swift; sourceTree = "<group>"; };
		864775AE25B517F400BF80EE /* QuickCommand.swift */ = {isa = PBXFileReference; lastKnownFileType = sourcecode.swift; path = QuickCommand.swift; sourceTree = "<group>"; };
		864775B425B5183200BF80EE /* QuickCommandViewModels.swift */ = {isa = PBXFileReference; lastKnownFileType = sourcecode.swift; path = QuickCommandViewModels.swift; sourceTree = "<group>"; };
		864775B825B5189E00BF80EE /* QuickCommandView.swift */ = {isa = PBXFileReference; lastKnownFileType = sourcecode.swift; path = QuickCommandView.swift; sourceTree = "<group>"; };
		864775BB25B521FD00BF80EE /* FirebaseLayoutView.swift */ = {isa = PBXFileReference; lastKnownFileType = sourcecode.swift; path = FirebaseLayoutView.swift; sourceTree = "<group>"; };
		864775C225B5226200BF80EE /* FirebaseLayoutViewModel.swift */ = {isa = PBXFileReference; lastKnownFileType = sourcecode.swift; path = FirebaseLayoutViewModel.swift; sourceTree = "<group>"; };
		864775C625B522D000BF80EE /* FirebaseLayout.swift */ = {isa = PBXFileReference; lastKnownFileType = sourcecode.swift; path = FirebaseLayout.swift; sourceTree = "<group>"; };
		864775CA25B5248C00BF80EE /* FirebaseLayoutItem.swift */ = {isa = PBXFileReference; lastKnownFileType = sourcecode.swift; path = FirebaseLayoutItem.swift; sourceTree = "<group>"; };
		864775CD25B524D700BF80EE /* FirebaseLayoutDetailsView.swift */ = {isa = PBXFileReference; lastKnownFileType = sourcecode.swift; path = FirebaseLayoutDetailsView.swift; sourceTree = "<group>"; };
		864775D025B524E200BF80EE /* FirebaseLayoutAddView.swift */ = {isa = PBXFileReference; lastKnownFileType = sourcecode.swift; path = FirebaseLayoutAddView.swift; sourceTree = "<group>"; };
		864775D325B5270E00BF80EE /* FirebaseLayoutItemViewModel.swift */ = {isa = PBXFileReference; lastKnownFileType = sourcecode.swift; path = FirebaseLayoutItemViewModel.swift; sourceTree = "<group>"; };
		864775D625B5285200BF80EE /* FirebaseLayoutItemAddView.swift */ = {isa = PBXFileReference; lastKnownFileType = sourcecode.swift; path = FirebaseLayoutItemAddView.swift; sourceTree = "<group>"; };
		864775D925B52AA600BF80EE /* FirebaseLayoutItemDetailsView.swift */ = {isa = PBXFileReference; lastKnownFileType = sourcecode.swift; path = FirebaseLayoutItemDetailsView.swift; sourceTree = "<group>"; };
		864775DC25B52CA600BF80EE /* FirebaseLayoutProfileView.swift */ = {isa = PBXFileReference; lastKnownFileType = sourcecode.swift; path = FirebaseLayoutProfileView.swift; sourceTree = "<group>"; };
		864775DF25B52F8000BF80EE /* CollectionStart.swift */ = {isa = PBXFileReference; lastKnownFileType = sourcecode.swift; path = CollectionStart.swift; sourceTree = "<group>"; };
		864775E325B5320400BF80EE /* Collection3.swift */ = {isa = PBXFileReference; lastKnownFileType = sourcecode.swift; path = Collection3.swift; sourceTree = "<group>"; };
		865AFF0D25B09E1C003D8A13 /* SignInWithEmailViewD2.swift */ = {isa = PBXFileReference; lastKnownFileType = sourcecode.swift; path = SignInWithEmailViewD2.swift; sourceTree = "<group>"; };
		865AFF1425B09E4E003D8A13 /* SignUpViewD2.swift */ = {isa = PBXFileReference; lastKnownFileType = sourcecode.swift; path = SignUpViewD2.swift; sourceTree = "<group>"; };
		865AFF1725B09E57003D8A13 /* ForgotPasswordViewD2.swift */ = {isa = PBXFileReference; lastKnownFileType = sourcecode.swift; path = ForgotPasswordViewD2.swift; sourceTree = "<group>"; };
		8680F34A25B3B89A006A8B70 /* SimpleNofirebasePulls.swift */ = {isa = PBXFileReference; lastKnownFileType = sourcecode.swift; path = SimpleNofirebasePulls.swift; sourceTree = "<group>"; };
		8680F34D25B3B97B006A8B70 /* MainNavigation.swift */ = {isa = PBXFileReference; lastKnownFileType = sourcecode.swift; path = MainNavigation.swift; sourceTree = "<group>"; };
		8680F35225B3BBAC006A8B70 /* Task.swift */ = {isa = PBXFileReference; lastKnownFileType = sourcecode.swift; path = Task.swift; sourceTree = "<group>"; };
		86C99E0125B0627B001B181F /* FirebaseComplete.entitlements */ = {isa = PBXFileReference; lastKnownFileType = text.plist.entitlements; path = FirebaseComplete.entitlements; sourceTree = "<group>"; };
		86C99E0325B06B52001B181F /* FBFirestore.swift */ = {isa = PBXFileReference; lastKnownFileType = sourcecode.swift; path = FBFirestore.swift; sourceTree = "<group>"; };
		86C99E0625B06B79001B181F /* FireStoreError.swift */ = {isa = PBXFileReference; lastKnownFileType = sourcecode.swift; path = FireStoreError.swift; sourceTree = "<group>"; };
		86C99E0925B06B93001B181F /* FBKeys.swift */ = {isa = PBXFileReference; lastKnownFileType = sourcecode.swift; path = FBKeys.swift; sourceTree = "<group>"; };
		86C99E0C25B06BB5001B181F /* FBUser.swift */ = {isa = PBXFileReference; lastKnownFileType = sourcecode.swift; path = FBUser.swift; sourceTree = "<group>"; };
		86C99E0F25B06BFA001B181F /* FBAuth.swift */ = {isa = PBXFileReference; lastKnownFileType = sourcecode.swift; path = FBAuth.swift; sourceTree = "<group>"; };
		86C99E1225B06C39001B181F /* FBAuthError.swift */ = {isa = PBXFileReference; lastKnownFileType = sourcecode.swift; path = FBAuthError.swift; sourceTree = "<group>"; };
/* End PBXFileReference section */

/* Begin PBXFrameworksBuildPhase section */
		862D8EF325B052C400062677 /* Frameworks */ = {
			isa = PBXFrameworksBuildPhase;
			buildActionMask = 2147483647;
			files = (
				862D8F0E25B0539400062677 /* FirebaseAnalytics in Frameworks */,
				862D8F1825B0539400062677 /* GoogleUtilities_UserDefaults in Frameworks */,
				862D8F1025B0539400062677 /* FirebaseFirestoreSwift-Beta in Frameworks */,
				862D8F1225B0539400062677 /* FirebaseStorage in Frameworks */,
				862D8F1625B0539400062677 /* FirebaseFirestore in Frameworks */,
				862D8F1425B0539400062677 /* FirebaseAuth in Frameworks */,
			);
			runOnlyForDeploymentPostprocessing = 0;
		};
/* End PBXFrameworksBuildPhase section */

/* Begin PBXGroup section */
		861BA6F925B3C06000638189 /* Books */ = {
			isa = PBXGroup;
			children = (
				861BA6FA25B3C06A00638189 /* Book.swift */,
			);
			path = Books;
			sourceTree = "<group>";
		};
		862D8EED25B052C400062677 = {
			isa = PBXGroup;
			children = (
				862D8EF825B052C400062677 /* FirebaseComplete */,
				862D8EF725B052C400062677 /* Products */,
			);
			sourceTree = "<group>";
		};
		862D8EF725B052C400062677 /* Products */ = {
			isa = PBXGroup;
			children = (
				862D8EF625B052C400062677 /* FirebaseComplete.app */,
			);
			name = Products;
			sourceTree = "<group>";
		};
		862D8EF825B052C400062677 /* FirebaseComplete */ = {
			isa = PBXGroup;
			children = (
				86C99E0125B0627B001B181F /* FirebaseComplete.entitlements */,
				862D8EF925B052C400062677 /* FirebaseCompleteApp.swift */,
				862D8F0925B052ED00062677 /* GoogleService-Info.plist */,
				8680F34D25B3B97B006A8B70 /* MainNavigation.swift */,
				864775BE25B5221300BF80EE /* Firebase Layout */,
				864775B125B5180500BF80EE /* Quick Command */,
				8647757025B4CE3700BF80EE /* Chain */,
				861BA6F925B3C06000638189 /* Books */,
				8680F35525B3BBB2006A8B70 /* To-Do-List */,
				8680F35025B3BAE6006A8B70 /* Simple */,
				8680F34625B3B869006A8B70 /* Complex */,
				862D8EFD25B052C600062677 /* Assets.xcassets */,
				862D8F0225B052C600062677 /* Info.plist */,
				862D8EFF25B052C600062677 /* Preview Content */,
			);
			path = FirebaseComplete;
			sourceTree = "<group>";
		};
		862D8EFF25B052C600062677 /* Preview Content */ = {
			isa = PBXGroup;
			children = (
				862D8F0025B052C600062677 /* Preview Assets.xcassets */,
			);
			path = "Preview Content";
			sourceTree = "<group>";
		};
		862D8F2725B059D600062677 /* Auth */ = {
			isa = PBXGroup;
			children = (
				862D8F2425B059CF00062677 /* UserViewModel.swift */,
				862D8F1B25B054FE00062677 /* UserInfo.swift */,
				86C99E0F25B06BFA001B181F /* FBAuth.swift */,
				86C99E1225B06C39001B181F /* FBAuthError.swift */,
			);
			path = Auth;
			sourceTree = "<group>";
		};
		862D8F2A25B059E500062677 /* View */ = {
			isa = PBXGroup;
			children = (
				862D8F1E25B0574700062677 /* LoginView.swift */,
				862D8F4125B05FBF00062677 /* SignInWithAppleView.swift */,
				865AFF0A25B09D67003D8A13 /* Design #1 */,
				865AFF1125B09E3B003D8A13 /* Design #2 */,
			);
			path = View;
			sourceTree = "<group>";
		};
		862D8F2F25B05B6800062677 /* Firebase */ = {
			isa = PBXGroup;
			children = (
				862D8F2A25B059E500062677 /* View */,
				862D8F3425B05B9A00062677 /* Firestore */,
				862D8F2725B059D600062677 /* Auth */,
			);
			path = Firebase;
			sourceTree = "<group>";
		};
		862D8F3425B05B9A00062677 /* Firestore */ = {
			isa = PBXGroup;
			children = (
				86C99E0325B06B52001B181F /* FBFirestore.swift */,
				86C99E0625B06B79001B181F /* FireStoreError.swift */,
				86C99E0925B06B93001B181F /* FBKeys.swift */,
				86C99E0C25B06BB5001B181F /* FBUser.swift */,
			);
			path = Firestore;
			sourceTree = "<group>";
		};
		8647757025B4CE3700BF80EE /* Chain */ = {
			isa = PBXGroup;
			children = (
				8647757325B4D28400BF80EE /* User */,
				8647759125B4D57700BF80EE /* User Products */,
			);
			path = Chain;
			sourceTree = "<group>";
		};
		8647757325B4D28400BF80EE /* User */ = {
			isa = PBXGroup;
			children = (
				8647757D25B4D31F00BF80EE /* Models */,
				8647758125B4D32C00BF80EE /* View Models */,
				8647757F25B4D32700BF80EE /* Views */,
			);
			path = User;
			sourceTree = "<group>";
		};
		8647757D25B4D31F00BF80EE /* Models */ = {
			isa = PBXGroup;
			children = (
				8647757925B4D30900BF80EE /* MYFBUser.swift */,
			);
			path = Models;
			sourceTree = "<group>";
		};
		8647757F25B4D32700BF80EE /* Views */ = {
			isa = PBXGroup;
			children = (
				8647756D25B4CDBB00BF80EE /* MYFBUserListView.swift */,
				8647758525B4D35400BF80EE /* MYFBUserAddView.swift */,
				8647758925B4D41D00BF80EE /* MYFBUserDetailsView.swift */,
				864775AB25B4E90800BF80EE /* ProfileView.swift */,
			);
			path = Views;
			sourceTree = "<group>";
		};
		8647758125B4D32C00BF80EE /* View Models */ = {
			isa = PBXGroup;
			children = (
				8647757525B4D2DE00BF80EE /* MYFBUsersViewModel.swift */,
			);
			path = "View Models";
			sourceTree = "<group>";
		};
		8647759125B4D57700BF80EE /* User Products */ = {
			isa = PBXGroup;
			children = (
				8647759325B4D58400BF80EE /* Models */,
				864775A025B4D6D500BF80EE /* View */,
				8647759925B4D5C500BF80EE /* View Models */,
			);
			path = "User Products";
			sourceTree = "<group>";
		};
		8647759325B4D58400BF80EE /* Models */ = {
			isa = PBXGroup;
			children = (
				8647758E25B4D55C00BF80EE /* UserProduct.swift */,
			);
			path = Models;
			sourceTree = "<group>";
		};
		8647759925B4D5C500BF80EE /* View Models */ = {
			isa = PBXGroup;
			children = (
				8647759425B4D59C00BF80EE /* UserProductViewModel.swift */,
			);
			path = "View Models";
			sourceTree = "<group>";
		};
		864775A025B4D6D500BF80EE /* View */ = {
			isa = PBXGroup;
			children = (
				8647759A25B4D62100BF80EE /* UserProductListView.swift */,
				864775A425B4D6E200BF80EE /* UserProductAddView.swift */,
				864775A725B4D72B00BF80EE /* UserProductDetailsView.swift */,
			);
			path = View;
			sourceTree = "<group>";
		};
		864775B125B5180500BF80EE /* Quick Command */ = {
			isa = PBXGroup;
			children = (
				864775AE25B517F400BF80EE /* QuickCommand.swift */,
				864775B425B5183200BF80EE /* QuickCommandViewModels.swift */,
				864775B825B5189E00BF80EE /* QuickCommandView.swift */,
			);
			path = "Quick Command";
			sourceTree = "<group>";
		};
		864775BE25B5221300BF80EE /* Firebase Layout */ = {
			isa = PBXGroup;
			children = (
				864775BF25B5223800BF80EE /* Models */,
				864775C525B5228600BF80EE /* View Models */,
				864775C025B5225500BF80EE /* Views */,
			);
			path = "Firebase Layout";
			sourceTree = "<group>";
		};
		864775BF25B5223800BF80EE /* Models */ = {
			isa = PBXGroup;
			children = (
				864775C625B522D000BF80EE /* FirebaseLayout.swift */,
				864775CA25B5248C00BF80EE /* FirebaseLayoutItem.swift */,
			);
			path = Models;
			sourceTree = "<group>";
		};
		864775C025B5225500BF80EE /* Views */ = {
			isa = PBXGroup;
			children = (
				864775DF25B52F8000BF80EE /* CollectionStart.swift */,
				864775BB25B521FD00BF80EE /* FirebaseLayoutView.swift */,
				864775D025B524E200BF80EE /* FirebaseLayoutAddView.swift */,
				864775CD25B524D700BF80EE /* FirebaseLayoutDetailsView.swift */,
				864775D625B5285200BF80EE /* FirebaseLayoutItemAddView.swift */,
				864775D925B52AA600BF80EE /* FirebaseLayoutItemDetailsView.swift */,
				864775DC25B52CA600BF80EE /* FirebaseLayoutProfileView.swift */,
				864775E325B5320400BF80EE /* Collection3.swift */,
			);
			path = Views;
			sourceTree = "<group>";
		};
		864775C525B5228600BF80EE /* View Models */ = {
			isa = PBXGroup;
			children = (
				864775C225B5226200BF80EE /* FirebaseLayoutViewModel.swift */,
				864775D325B5270E00BF80EE /* FirebaseLayoutItemViewModel.swift */,
			);
			path = "View Models";
			sourceTree = "<group>";
		};
		865AFF0A25B09D67003D8A13 /* Design #1 */ = {
			isa = PBXGroup;
			children = (
				862D8F3925B05C0C00062677 /* SignInWithEmailView.swift */,
				862D8F3C25B05C2000062677 /* SignUpView.swift */,
				862D8F3525B05BFA00062677 /* ForgotPasswordView.swift */,
			);
			path = "Design #1";
			sourceTree = "<group>";
		};
		865AFF1125B09E3B003D8A13 /* Design #2 */ = {
			isa = PBXGroup;
			children = (
				865AFF0D25B09E1C003D8A13 /* SignInWithEmailViewD2.swift */,
				865AFF1425B09E4E003D8A13 /* SignUpViewD2.swift */,
				865AFF1725B09E57003D8A13 /* ForgotPasswordViewD2.swift */,
			);
			path = "Design #2";
			sourceTree = "<group>";
		};
		8680F34625B3B869006A8B70 /* Complex */ = {
			isa = PBXGroup;
			children = (
				862D8EFB25B052C400062677 /* AppNavigationView.swift */,
				862D8F2125B057BA00062677 /* HomeView.swift */,
				862D8F2F25B05B6800062677 /* Firebase */,
			);
			path = Complex;
			sourceTree = "<group>";
		};
		8680F35025B3BAE6006A8B70 /* Simple */ = {
			isa = PBXGroup;
			children = (
				8680F34A25B3B89A006A8B70 /* SimpleNofirebasePulls.swift */,
			);
			path = Simple;
			sourceTree = "<group>";
		};
		8680F35525B3BBB2006A8B70 /* To-Do-List */ = {
			isa = PBXGroup;
			children = (
				8680F35E25B3BBEB006A8B70 /* Views */,
				8680F35B25B3BBD4006A8B70 /* View Models */,
				8680F35825B3BBC3006A8B70 /* Models */,
			);
			path = "To-Do-List";
			sourceTree = "<group>";
		};
		8680F35825B3BBC3006A8B70 /* Models */ = {
			isa = PBXGroup;
			children = (
				8680F35225B3BBAC006A8B70 /* Task.swift */,
			);
			path = Models;
			sourceTree = "<group>";
		};
		8680F35B25B3BBD4006A8B70 /* View Models */ = {
			isa = PBXGroup;
			children = (
				861BA6F225B3BF3300638189 /* TaskCellViewModel.swift */,
				861BA6F625B3BF6C00638189 /* TaskListViewModel.swift */,
			);
			path = "View Models";
			sourceTree = "<group>";
		};
		8680F35E25B3BBEB006A8B70 /* Views */ = {
			isa = PBXGroup;
			children = (
			);
			path = Views;
			sourceTree = "<group>";
		};
/* End PBXGroup section */

/* Begin PBXNativeTarget section */
		862D8EF525B052C400062677 /* FirebaseComplete */ = {
			isa = PBXNativeTarget;
			buildConfigurationList = 862D8F0525B052C600062677 /* Build configuration list for PBXNativeTarget "FirebaseComplete" */;
			buildPhases = (
				862D8EF225B052C400062677 /* Sources */,
				862D8EF325B052C400062677 /* Frameworks */,
				862D8EF425B052C400062677 /* Resources */,
			);
			buildRules = (
			);
			dependencies = (
			);
			name = FirebaseComplete;
			packageProductDependencies = (
				862D8F0D25B0539400062677 /* FirebaseAnalytics */,
				862D8F0F25B0539400062677 /* FirebaseFirestoreSwift-Beta */,
				862D8F1125B0539400062677 /* FirebaseStorage */,
				862D8F1325B0539400062677 /* FirebaseAuth */,
				862D8F1525B0539400062677 /* FirebaseFirestore */,
				862D8F1725B0539400062677 /* GoogleUtilities_UserDefaults */,
			);
			productName = FirebaseComplete;
			productReference = 862D8EF625B052C400062677 /* FirebaseComplete.app */;
			productType = "com.apple.product-type.application";
		};
/* End PBXNativeTarget section */

/* Begin PBXProject section */
		862D8EEE25B052C400062677 /* Project object */ = {
			isa = PBXProject;
			attributes = {
				LastSwiftUpdateCheck = 1230;
				LastUpgradeCheck = 1230;
				TargetAttributes = {
					862D8EF525B052C400062677 = {
						CreatedOnToolsVersion = 12.3;
					};
				};
			};
			buildConfigurationList = 862D8EF125B052C400062677 /* Build configuration list for PBXProject "FirebaseComplete" */;
			compatibilityVersion = "Xcode 9.3";
			developmentRegion = en;
			hasScannedForEncodings = 0;
			knownRegions = (
				en,
				Base,
			);
			mainGroup = 862D8EED25B052C400062677;
			packageReferences = (
				862D8F0C25B0539400062677 /* XCRemoteSwiftPackageReference "firebase-ios-sdk" */,
			);
			productRefGroup = 862D8EF725B052C400062677 /* Products */;
			projectDirPath = "";
			projectRoot = "";
			targets = (
				862D8EF525B052C400062677 /* FirebaseComplete */,
			);
		};
/* End PBXProject section */

/* Begin PBXResourcesBuildPhase section */
		862D8EF425B052C400062677 /* Resources */ = {
			isa = PBXResourcesBuildPhase;
			buildActionMask = 2147483647;
			files = (
				862D8F0A25B052ED00062677 /* GoogleService-Info.plist in Resources */,
				862D8F0125B052C600062677 /* Preview Assets.xcassets in Resources */,
				862D8EFE25B052C600062677 /* Assets.xcassets in Resources */,
			);
			runOnlyForDeploymentPostprocessing = 0;
		};
/* End PBXResourcesBuildPhase section */

/* Begin PBXSourcesBuildPhase section */
		862D8EF225B052C400062677 /* Sources */ = {
			isa = PBXSourcesBuildPhase;
			buildActionMask = 2147483647;
			files = (
				864775AF25B517F500BF80EE /* QuickCommand.swift in Sources */,
				8680F35325B3BBAC006A8B70 /* Task.swift in Sources */,
				8680F34E25B3B97B006A8B70 /* MainNavigation.swift in Sources */,
				864775D125B524E200BF80EE /* FirebaseLayoutAddView.swift in Sources */,
				86C99E1325B06C39001B181F /* FBAuthError.swift in Sources */,
				864775E425B5320400BF80EE /* Collection3.swift in Sources */,
				864775DA25B52AA600BF80EE /* FirebaseLayoutItemDetailsView.swift in Sources */,
				865AFF1825B09E57003D8A13 /* ForgotPasswordViewD2.swift in Sources */,
				864775CB25B5248C00BF80EE /* FirebaseLayoutItem.swift in Sources */,
				862D8EFC25B052C400062677 /* AppNavigationView.swift in Sources */,
				861BA6F725B3BF6C00638189 /* TaskListViewModel.swift in Sources */,
				862D8F4225B05FBF00062677 /* SignInWithAppleView.swift in Sources */,
				862D8F3625B05BFA00062677 /* ForgotPasswordView.swift in Sources */,
				8647758F25B4D55C00BF80EE /* UserProduct.swift in Sources */,
				864775C325B5226200BF80EE /* FirebaseLayoutViewModel.swift in Sources */,
				865AFF1525B09E4E003D8A13 /* SignUpViewD2.swift in Sources */,
				862D8F2525B059CF00062677 /* UserViewModel.swift in Sources */,
				862D8F3A25B05C0C00062677 /* SignInWithEmailView.swift in Sources */,
				861BA6F325B3BF3300638189 /* TaskCellViewModel.swift in Sources */,
				8647759B25B4D62100BF80EE /* UserProductListView.swift in Sources */,
				864775D425B5270E00BF80EE /* FirebaseLayoutItemViewModel.swift in Sources */,
				864775C725B522D000BF80EE /* FirebaseLayout.swift in Sources */,
				8647757625B4D2DE00BF80EE /* MYFBUsersViewModel.swift in Sources */,
				864775B925B5189E00BF80EE /* QuickCommandView.swift in Sources */,
				864775A825B4D72B00BF80EE /* UserProductDetailsView.swift in Sources */,
				8647758625B4D35400BF80EE /* MYFBUserAddView.swift in Sources */,
				862D8F1C25B054FE00062677 /* UserInfo.swift in Sources */,
				86C99E0425B06B52001B181F /* FBFirestore.swift in Sources */,
				864775BC25B521FE00BF80EE /* FirebaseLayoutView.swift in Sources */,
				862D8F1F25B0574700062677 /* LoginView.swift in Sources */,
				86C99E0725B06B79001B181F /* FireStoreError.swift in Sources */,
				862D8F2225B057BA00062677 /* HomeView.swift in Sources */,
				862D8F3D25B05C2000062677 /* SignUpView.swift in Sources */,
				8647757A25B4D30900BF80EE /* MYFBUser.swift in Sources */,
				864775CE25B524D700BF80EE /* FirebaseLayoutDetailsView.swift in Sources */,
				861BA6FB25B3C06A00638189 /* Book.swift in Sources */,
				865AFF0E25B09E1C003D8A13 /* SignInWithEmailViewD2.swift in Sources */,
				8647758A25B4D41D00BF80EE /* MYFBUserDetailsView.swift in Sources */,
				862D8EFA25B052C400062677 /* FirebaseCompleteApp.swift in Sources */,
				864775AC25B4E90900BF80EE /* ProfileView.swift in Sources */,
				864775DD25B52CA600BF80EE /* FirebaseLayoutProfileView.swift in Sources */,
				86C99E1025B06BFA001B181F /* FBAuth.swift in Sources */,
				8647759525B4D59C00BF80EE /* UserProductViewModel.swift in Sources */,
				8647756E25B4CDBB00BF80EE /* MYFBUserListView.swift in Sources */,
				86C99E0D25B06BB5001B181F /* FBUser.swift in Sources */,
				864775E025B52F8000BF80EE /* CollectionStart.swift in Sources */,
				864775A525B4D6E200BF80EE /* UserProductAddView.swift in Sources */,
				8680F34B25B3B89A006A8B70 /* SimpleNofirebasePulls.swift in Sources */,
				864775B525B5183200BF80EE /* QuickCommandViewModels.swift in Sources */,
				864775D725B5285200BF80EE /* FirebaseLayoutItemAddView.swift in Sources */,
				86C99E0A25B06B93001B181F /* FBKeys.swift in Sources */,
			);
			runOnlyForDeploymentPostprocessing = 0;
		};
/* End PBXSourcesBuildPhase section */

/* Begin XCBuildConfiguration section */
		862D8F0325B052C600062677 /* Debug */ = {
			isa = XCBuildConfiguration;
			buildSettings = {
				ALWAYS_SEARCH_USER_PATHS = NO;
				CLANG_ANALYZER_NONNULL = YES;
				CLANG_ANALYZER_NUMBER_OBJECT_CONVERSION = YES_AGGRESSIVE;
				CLANG_CXX_LANGUAGE_STANDARD = "gnu++14";
				CLANG_CXX_LIBRARY = "libc++";
				CLANG_ENABLE_MODULES = YES;
				CLANG_ENABLE_OBJC_ARC = YES;
				CLANG_ENABLE_OBJC_WEAK = YES;
				CLANG_WARN_BLOCK_CAPTURE_AUTORELEASING = YES;
				CLANG_WARN_BOOL_CONVERSION = YES;
				CLANG_WARN_COMMA = YES;
				CLANG_WARN_CONSTANT_CONVERSION = YES;
				CLANG_WARN_DEPRECATED_OBJC_IMPLEMENTATIONS = YES;
				CLANG_WARN_DIRECT_OBJC_ISA_USAGE = YES_ERROR;
				CLANG_WARN_DOCUMENTATION_COMMENTS = YES;
				CLANG_WARN_EMPTY_BODY = YES;
				CLANG_WARN_ENUM_CONVERSION = YES;
				CLANG_WARN_INFINITE_RECURSION = YES;
				CLANG_WARN_INT_CONVERSION = YES;
				CLANG_WARN_NON_LITERAL_NULL_CONVERSION = YES;
				CLANG_WARN_OBJC_IMPLICIT_RETAIN_SELF = YES;
				CLANG_WARN_OBJC_LITERAL_CONVERSION = YES;
				CLANG_WARN_OBJC_ROOT_CLASS = YES_ERROR;
				CLANG_WARN_QUOTED_INCLUDE_IN_FRAMEWORK_HEADER = YES;
				CLANG_WARN_RANGE_LOOP_ANALYSIS = YES;
				CLANG_WARN_STRICT_PROTOTYPES = YES;
				CLANG_WARN_SUSPICIOUS_MOVE = YES;
				CLANG_WARN_UNGUARDED_AVAILABILITY = YES_AGGRESSIVE;
				CLANG_WARN_UNREACHABLE_CODE = YES;
				CLANG_WARN__DUPLICATE_METHOD_MATCH = YES;
				COPY_PHASE_STRIP = NO;
				DEBUG_INFORMATION_FORMAT = dwarf;
				ENABLE_STRICT_OBJC_MSGSEND = YES;
				ENABLE_TESTABILITY = YES;
				GCC_C_LANGUAGE_STANDARD = gnu11;
				GCC_DYNAMIC_NO_PIC = NO;
				GCC_NO_COMMON_BLOCKS = YES;
				GCC_OPTIMIZATION_LEVEL = 0;
				GCC_PREPROCESSOR_DEFINITIONS = (
					"DEBUG=1",
					"$(inherited)",
				);
				GCC_WARN_64_TO_32_BIT_CONVERSION = YES;
				GCC_WARN_ABOUT_RETURN_TYPE = YES_ERROR;
				GCC_WARN_UNDECLARED_SELECTOR = YES;
				GCC_WARN_UNINITIALIZED_AUTOS = YES_AGGRESSIVE;
				GCC_WARN_UNUSED_FUNCTION = YES;
				GCC_WARN_UNUSED_VARIABLE = YES;
				IPHONEOS_DEPLOYMENT_TARGET = 14.3;
				MTL_ENABLE_DEBUG_INFO = INCLUDE_SOURCE;
				MTL_FAST_MATH = YES;
				ONLY_ACTIVE_ARCH = YES;
				OTHER_LDFLAGS = "-ObjC";
				SDKROOT = iphoneos;
				SWIFT_ACTIVE_COMPILATION_CONDITIONS = DEBUG;
				SWIFT_OPTIMIZATION_LEVEL = "-Onone";
			};
			name = Debug;
		};
		862D8F0425B052C600062677 /* Release */ = {
			isa = XCBuildConfiguration;
			buildSettings = {
				ALWAYS_SEARCH_USER_PATHS = NO;
				CLANG_ANALYZER_NONNULL = YES;
				CLANG_ANALYZER_NUMBER_OBJECT_CONVERSION = YES_AGGRESSIVE;
				CLANG_CXX_LANGUAGE_STANDARD = "gnu++14";
				CLANG_CXX_LIBRARY = "libc++";
				CLANG_ENABLE_MODULES = YES;
				CLANG_ENABLE_OBJC_ARC = YES;
				CLANG_ENABLE_OBJC_WEAK = YES;
				CLANG_WARN_BLOCK_CAPTURE_AUTORELEASING = YES;
				CLANG_WARN_BOOL_CONVERSION = YES;
				CLANG_WARN_COMMA = YES;
				CLANG_WARN_CONSTANT_CONVERSION = YES;
				CLANG_WARN_DEPRECATED_OBJC_IMPLEMENTATIONS = YES;
				CLANG_WARN_DIRECT_OBJC_ISA_USAGE = YES_ERROR;
				CLANG_WARN_DOCUMENTATION_COMMENTS = YES;
				CLANG_WARN_EMPTY_BODY = YES;
				CLANG_WARN_ENUM_CONVERSION = YES;
				CLANG_WARN_INFINITE_RECURSION = YES;
				CLANG_WARN_INT_CONVERSION = YES;
				CLANG_WARN_NON_LITERAL_NULL_CONVERSION = YES;
				CLANG_WARN_OBJC_IMPLICIT_RETAIN_SELF = YES;
				CLANG_WARN_OBJC_LITERAL_CONVERSION = YES;
				CLANG_WARN_OBJC_ROOT_CLASS = YES_ERROR;
				CLANG_WARN_QUOTED_INCLUDE_IN_FRAMEWORK_HEADER = YES;
				CLANG_WARN_RANGE_LOOP_ANALYSIS = YES;
				CLANG_WARN_STRICT_PROTOTYPES = YES;
				CLANG_WARN_SUSPICIOUS_MOVE = YES;
				CLANG_WARN_UNGUARDED_AVAILABILITY = YES_AGGRESSIVE;
				CLANG_WARN_UNREACHABLE_CODE = YES;
				CLANG_WARN__DUPLICATE_METHOD_MATCH = YES;
				COPY_PHASE_STRIP = NO;
				DEBUG_INFORMATION_FORMAT = "dwarf-with-dsym";
				ENABLE_NS_ASSERTIONS = NO;
				ENABLE_STRICT_OBJC_MSGSEND = YES;
				GCC_C_LANGUAGE_STANDARD = gnu11;
				GCC_NO_COMMON_BLOCKS = YES;
				GCC_WARN_64_TO_32_BIT_CONVERSION = YES;
				GCC_WARN_ABOUT_RETURN_TYPE = YES_ERROR;
				GCC_WARN_UNDECLARED_SELECTOR = YES;
				GCC_WARN_UNINITIALIZED_AUTOS = YES_AGGRESSIVE;
				GCC_WARN_UNUSED_FUNCTION = YES;
				GCC_WARN_UNUSED_VARIABLE = YES;
				IPHONEOS_DEPLOYMENT_TARGET = 14.3;
				MTL_ENABLE_DEBUG_INFO = NO;
				MTL_FAST_MATH = YES;
				OTHER_LDFLAGS = "-ObjC";
				SDKROOT = iphoneos;
				SWIFT_COMPILATION_MODE = wholemodule;
				SWIFT_OPTIMIZATION_LEVEL = "-O";
				VALIDATE_PRODUCT = YES;
			};
			name = Release;
		};
		862D8F0625B052C600062677 /* Debug */ = {
			isa = XCBuildConfiguration;
			buildSettings = {
				ASSETCATALOG_COMPILER_APPICON_NAME = AppIcon;
				ASSETCATALOG_COMPILER_GLOBAL_ACCENT_COLOR_NAME = AccentColor;
				CODE_SIGN_ENTITLEMENTS = FirebaseComplete/FirebaseComplete.entitlements;
				CODE_SIGN_STYLE = Automatic;
				DEVELOPMENT_ASSET_PATHS = "\"FirebaseComplete/Preview Content\"";
				DEVELOPMENT_TEAM = SNW84Q39QZ;
				ENABLE_PREVIEWS = YES;
				INFOPLIST_FILE = FirebaseComplete/Info.plist;
				IPHONEOS_DEPLOYMENT_TARGET = 14.0;
				LD_RUNPATH_SEARCH_PATHS = (
					"$(inherited)",
					"@executable_path/Frameworks",
				);
				PRODUCT_BUNDLE_IDENTIFIER = com.dhuntleyinc.FirebaseComplete;
				PRODUCT_NAME = "$(TARGET_NAME)";
				SWIFT_VERSION = 5.0;
				TARGETED_DEVICE_FAMILY = "1,2";
			};
			name = Debug;
		};
		862D8F0725B052C600062677 /* Release */ = {
			isa = XCBuildConfiguration;
			buildSettings = {
				ASSETCATALOG_COMPILER_APPICON_NAME = AppIcon;
				ASSETCATALOG_COMPILER_GLOBAL_ACCENT_COLOR_NAME = AccentColor;
				CODE_SIGN_ENTITLEMENTS = FirebaseComplete/FirebaseComplete.entitlements;
				CODE_SIGN_STYLE = Automatic;
				DEVELOPMENT_ASSET_PATHS = "\"FirebaseComplete/Preview Content\"";
				DEVELOPMENT_TEAM = SNW84Q39QZ;
				ENABLE_PREVIEWS = YES;
				INFOPLIST_FILE = FirebaseComplete/Info.plist;
				IPHONEOS_DEPLOYMENT_TARGET = 14.0;
				LD_RUNPATH_SEARCH_PATHS = (
					"$(inherited)",
					"@executable_path/Frameworks",
				);
				PRODUCT_BUNDLE_IDENTIFIER = com.dhuntleyinc.FirebaseComplete;
				PRODUCT_NAME = "$(TARGET_NAME)";
				SWIFT_VERSION = 5.0;
				TARGETED_DEVICE_FAMILY = "1,2";
			};
			name = Release;
		};
/* End XCBuildConfiguration section */

/* Begin XCConfigurationList section */
		862D8EF125B052C400062677 /* Build configuration list for PBXProject "FirebaseComplete" */ = {
			isa = XCConfigurationList;
			buildConfigurations = (
				862D8F0325B052C600062677 /* Debug */,
				862D8F0425B052C600062677 /* Release */,
			);
			defaultConfigurationIsVisible = 0;
			defaultConfigurationName = Release;
		};
		862D8F0525B052C600062677 /* Build configuration list for PBXNativeTarget "FirebaseComplete" */ = {
			isa = XCConfigurationList;
			buildConfigurations = (
				862D8F0625B052C600062677 /* Debug */,
				862D8F0725B052C600062677 /* Release */,
			);
			defaultConfigurationIsVisible = 0;
			defaultConfigurationName = Release;
		};
/* End XCConfigurationList section */

/* Begin XCRemoteSwiftPackageReference section */
		862D8F0C25B0539400062677 /* XCRemoteSwiftPackageReference "firebase-ios-sdk" */ = {
			isa = XCRemoteSwiftPackageReference;
			repositoryURL = "https://github.com/firebase/firebase-ios-sdk.git";
			requirement = {
				kind = upToNextMajorVersion;
				minimumVersion = 7.4.0;
			};
		};
/* End XCRemoteSwiftPackageReference section */

/* Begin XCSwiftPackageProductDependency section */
		862D8F0D25B0539400062677 /* FirebaseAnalytics */ = {
			isa = XCSwiftPackageProductDependency;
			package = 862D8F0C25B0539400062677 /* XCRemoteSwiftPackageReference "firebase-ios-sdk" */;
			productName = FirebaseAnalytics;
		};
		862D8F0F25B0539400062677 /* FirebaseFirestoreSwift-Beta */ = {
			isa = XCSwiftPackageProductDependency;
			package = 862D8F0C25B0539400062677 /* XCRemoteSwiftPackageReference "firebase-ios-sdk" */;
			productName = "FirebaseFirestoreSwift-Beta";
		};
		862D8F1125B0539400062677 /* FirebaseStorage */ = {
			isa = XCSwiftPackageProductDependency;
			package = 862D8F0C25B0539400062677 /* XCRemoteSwiftPackageReference "firebase-ios-sdk" */;
			productName = FirebaseStorage;
		};
		862D8F1325B0539400062677 /* FirebaseAuth */ = {
			isa = XCSwiftPackageProductDependency;
			package = 862D8F0C25B0539400062677 /* XCRemoteSwiftPackageReference "firebase-ios-sdk" */;
			productName = FirebaseAuth;
		};
		862D8F1525B0539400062677 /* FirebaseFirestore */ = {
			isa = XCSwiftPackageProductDependency;
			package = 862D8F0C25B0539400062677 /* XCRemoteSwiftPackageReference "firebase-ios-sdk" */;
			productName = FirebaseFirestore;
		};
		862D8F1725B0539400062677 /* GoogleUtilities_UserDefaults */ = {
			isa = XCSwiftPackageProductDependency;
			package = 862D8F0C25B0539400062677 /* XCRemoteSwiftPackageReference "firebase-ios-sdk" */;
			productName = GoogleUtilities_UserDefaults;
		};
/* End XCSwiftPackageProductDependency section */
	};
	rootObject = 862D8EEE25B052C400062677 /* Project object */;
}
